
Microsoft Visual Studio Solution File, Format Version 12.00
# Visual Studio 2012
Project("{FAE04EC0-301F-11D3-BF4B-00C04F79EFBC}") = "AccessLog", "AccessLog\AccessLog.csproj", "{8D6EC1F8-9948-4EDE-8467-14168EB1678A}"
EndProject
Project("{FAE04EC0-301F-11D3-BF4B-00C04F79EFBC}") = "AccessLogTests", "AccessLogTest\AccessLogTests.csproj", "{57D32701-7543-4619-8D3B-6BF24AFD83E1}"
EndProject
Project("{2150E333-8FDC-42A3-9474-1A3956D46DE8}") = "UnitTests", "UnitTests", "{036A1070-FB47-4A2C-9E76-57228628B3CF}"
EndProject
Project("{FAE04EC0-301F-11D3-BF4B-00C04F79EFBC}") = "AccessLogWatcher", "AccessLogWatcher\AccessLogWatcher.csproj", "{877EDBD8-C0C8-4EE6-904F-FE597103EDBB}"
EndProject
Project("{FAE04EC0-301F-11D3-BF4B-00C04F79EFBC}") = "AccessLogWatcherTests", "AccessLogWatcherTests\AccessLogWatcherTests.csproj", "{F73A5CE9-C271-4105-91F6-435E7081C03D}"
EndProject
Global
	GlobalSection(SolutionConfigurationPlatforms) = preSolution
		Debug|Any CPU = Debug|Any CPU
		Release|Any CPU = Release|Any CPU
	EndGlobalSection
	GlobalSection(ProjectConfigurationPlatforms) = postSolution
		{8D6EC1F8-9948-4EDE-8467-14168EB1678A}.Debug|Any CPU.ActiveCfg = Debug|Any CPU
		{8D6EC1F8-9948-4EDE-8467-14168EB1678A}.Debug|Any CPU.Build.0 = Debug|Any CPU
		{8D6EC1F8-9948-4EDE-8467-14168EB1678A}.Release|Any CPU.ActiveCfg = Release|Any CPU
		{8D6EC1F8-9948-4EDE-8467-14168EB1678A}.Release|Any CPU.Build.0 = Release|Any CPU
		{57D32701-7543-4619-8D3B-6BF24AFD83E1}.Debug|Any CPU.ActiveCfg = Debug|Any CPU
		{57D32701-7543-4619-8D3B-6BF24AFD83E1}.Debug|Any CPU.Build.0 = Debug|Any CPU
		{57D32701-7543-4619-8D3B-6BF24AFD83E1}.Release|Any CPU.ActiveCfg = Release|Any CPU
		{57D32701-7543-4619-8D3B-6BF24AFD83E1}.Release|Any CPU.Build.0 = Release|Any CPU
		{877EDBD8-C0C8-4EE6-904F-FE597103EDBB}.Debug|Any CPU.ActiveCfg = Debug|Any CPU
		{877EDBD8-C0C8-4EE6-904F-FE597103EDBB}.Debug|Any CPU.Build.0 = Debug|Any CPU
		{877EDBD8-C0C8-4EE6-904F-FE597103EDBB}.Release|Any CPU.ActiveCfg = Release|Any CPU
		{877EDBD8-C0C8-4EE6-904F-FE597103EDBB}.Release|Any CPU.Build.0 = Release|Any CPU
		{F73A5CE9-C271-4105-91F6-435E7081C03D}.Debug|Any CPU.ActiveCfg = Debug|Any CPU
		{F73A5CE9-C271-4105-91F6-435E7081C03D}.Debug|Any CPU.Build.0 = Debug|Any CPU
		{F73A5CE9-C271-4105-91F6-435E7081C03D}.Release|Any CPU.ActiveCfg = Release|Any CPU
		{F73A5CE9-C271-4105-91F6-435E7081C03D}.Release|Any CPU.Build.0 = Release|Any CPU
	EndGlobalSection
	GlobalSection(SolutionProperties) = preSolution
		HideSolutionNode = FALSE
	EndGlobalSection
	GlobalSection(NestedProjects) = preSolution
		{57D32701-7543-4619-8D3B-6BF24AFD83E1} = {036A1070-FB47-4A2C-9E76-57228628B3CF}
		{F73A5CE9-C271-4105-91F6-435E7081C03D} = {036A1070-FB47-4A2C-9E76-57228628B3CF}
	EndGlobalSection
EndGlobal
